<?xml version="1.0" encoding="utf-8"?>
<Project ToolsVersion="4.0" xmlns="http://schemas.microsoft.com/developer/msbuild/2003">
  <ItemGroup>
    <ClCompile Include="main.cpp" />
    <ClCompile Include="vot\bullet.cpp">
      <Filter>vot</Filter>
    </ClCompile>
    <ClCompile Include="vot\font_manager.cpp">
      <Filter>vot</Filter>
    </ClCompile>
    <ClCompile Include="vot\game_system.cpp">
      <Filter>vot</Filter>
    </ClCompile>
    <ClCompile Include="vot\player.cpp">
      <Filter>vot</Filter>
    </ClCompile>
    <ClCompile Include="vot\texture_manager.cpp">
      <Filter>vot</Filter>
    </ClCompile>
    <ClCompile Include="vot\background.cpp">
      <Filter>vot</Filter>
    </ClCompile>
    <ClCompile Include="vot\character.cpp">
      <Filter>vot</Filter>
    </ClCompile>
    <ClCompile Include="vot\enemy.cpp">
      <Filter>vot</Filter>
    </ClCompile>
    <ClCompile Include="vot\game_hud.cpp">
      <Filter>vot</Filter>
    </ClCompile>
    <ClCompile Include="vot\particles.cpp">
      <Filter>vot</Filter>
    </ClCompile>
    <ClCompile Include="vot\powerup.cpp">
      <Filter>vot</Filter>
    </ClCompile>
    <ClCompile Include="vot\beam.cpp">
      <Filter>vot</Filter>
    </ClCompile>
    <ClCompile Include="vot\hardpoint.cpp">
      <Filter>vot</Filter>
    </ClCompile>
    <ClCompile Include="vot\enemy_fighter.cpp">
      <Filter>vot</Filter>
    </ClCompile>
    <ClCompile Include="vot\thruster.cpp">
      <Filter>vot</Filter>
    </ClCompile>
    <ClCompile Include="vot\ui\button.cpp">
      <Filter>vot\ui</Filter>
    </ClCompile>
    <ClCompile Include="vot\ui\component.cpp">
      <Filter>vot\ui</Filter>
    </ClCompile>
    <ClCompile Include="vot\ui\manager.cpp">
      <Filter>vot\ui</Filter>
    </ClCompile>
    <ClCompile Include="vot\game.cpp">
      <Filter>vot</Filter>
    </ClCompile>
    <ClCompile Include="vot\ui\main_menu.cpp">
      <Filter>vot\ui</Filter>
    </ClCompile>
    <ClCompile Include="vot\sound.cpp">
      <Filter>vot</Filter>
    </ClCompile>
    <ClCompile Include="vot\utils\circle.cpp">
      <Filter>vot\utils</Filter>
    </ClCompile>
    <ClCompile Include="vot\utils\colour.cpp">
      <Filter>vot\utils</Filter>
    </ClCompile>
    <ClCompile Include="vot\utils\ray.cpp">
      <Filter>vot\utils</Filter>
    </ClCompile>
    <ClCompile Include="vot\utils\utils.cpp">
      <Filter>vot\utils</Filter>
    </ClCompile>
    <ClCompile Include="vot\levels\level1.cpp">
      <Filter>vot\levels</Filter>
    </ClCompile>
    <ClCompile Include="vot\levels\level2.cpp">
      <Filter>vot\levels</Filter>
    </ClCompile>
    <ClCompile Include="vot\ui\level_select.cpp">
      <Filter>vot\ui</Filter>
    </ClCompile>
    <ClCompile Include="vot\levels\level.cpp">
      <Filter>vot\levels</Filter>
    </ClCompile>
    <ClCompile Include="vot\ui\menu_helper.cpp">
      <Filter>vot\ui</Filter>
    </ClCompile>
    <ClCompile Include="vot\ui\profile_select.cpp">
      <Filter>vot\ui</Filter>
    </ClCompile>
    <ClCompile Include="vot\ui\text_input.cpp">
      <Filter>vot\ui</Filter>
    </ClCompile>
    <ClCompile Include="vot\options.cpp">
      <Filter>vot</Filter>
    </ClCompile>
    <ClCompile Include="vot\profile.cpp">
      <Filter>vot</Filter>
    </ClCompile>
    <ClCompile Include="vot\ui\ui_state.cpp">
      <Filter>vot\ui</Filter>
    </ClCompile>
    <ClCompile Include="vot\ui\profile_widget.cpp">
      <Filter>vot\ui</Filter>
    </ClCompile>
    <ClCompile Include="vot\ui\ship_hanger.cpp">
      <Filter>vot\ui</Filter>
    </ClCompile>
    <ClCompile Include="vot\ui\ship_hardpoint_widget.cpp">
      <Filter>vot\ui</Filter>
    </ClCompile>
    <ClCompile Include="lua\lua_state.cpp">
      <Filter>vot\lua</Filter>
    </ClCompile>
    <ClCompile Include="lua\src\lapi.c">
      <Filter>vot\lua\src</Filter>
    </ClCompile>
    <ClCompile Include="lua\src\lauxlib.c">
      <Filter>vot\lua\src</Filter>
    </ClCompile>
    <ClCompile Include="lua\src\lbaselib.c">
      <Filter>vot\lua\src</Filter>
    </ClCompile>
    <ClCompile Include="lua\src\lbitlib.c">
      <Filter>vot\lua\src</Filter>
    </ClCompile>
    <ClCompile Include="lua\src\lcode.c">
      <Filter>vot\lua\src</Filter>
    </ClCompile>
    <ClCompile Include="lua\src\lcorolib.c">
      <Filter>vot\lua\src</Filter>
    </ClCompile>
    <ClCompile Include="lua\src\lctype.c">
      <Filter>vot\lua\src</Filter>
    </ClCompile>
    <ClCompile Include="lua\src\ldblib.c">
      <Filter>vot\lua\src</Filter>
    </ClCompile>
    <ClCompile Include="lua\src\ldebug.c">
      <Filter>vot\lua\src</Filter>
    </ClCompile>
    <ClCompile Include="lua\src\ldo.c">
      <Filter>vot\lua\src</Filter>
    </ClCompile>
    <ClCompile Include="lua\src\ldump.c">
      <Filter>vot\lua\src</Filter>
    </ClCompile>
    <ClCompile Include="lua\src\lfunc.c">
      <Filter>vot\lua\src</Filter>
    </ClCompile>
    <ClCompile Include="lua\src\lgc.c">
      <Filter>vot\lua\src</Filter>
    </ClCompile>
    <ClCompile Include="lua\src\linit.c">
      <Filter>vot\lua\src</Filter>
    </ClCompile>
    <ClCompile Include="lua\src\liolib.c">
      <Filter>vot\lua\src</Filter>
    </ClCompile>
    <ClCompile Include="lua\src\llex.c">
      <Filter>vot\lua\src</Filter>
    </ClCompile>
    <ClCompile Include="lua\src\lmathlib.c">
      <Filter>vot\lua\src</Filter>
    </ClCompile>
    <ClCompile Include="lua\src\lmem.c">
      <Filter>vot\lua\src</Filter>
    </ClCompile>
    <ClCompile Include="lua\src\loadlib.c">
      <Filter>vot\lua\src</Filter>
    </ClCompile>
    <ClCompile Include="lua\src\lobject.c">
      <Filter>vot\lua\src</Filter>
    </ClCompile>
    <ClCompile Include="lua\src\lopcodes.c">
      <Filter>vot\lua\src</Filter>
    </ClCompile>
    <ClCompile Include="lua\src\loslib.c">
      <Filter>vot\lua\src</Filter>
    </ClCompile>
    <ClCompile Include="lua\src\lparser.c">
      <Filter>vot\lua\src</Filter>
    </ClCompile>
    <ClCompile Include="lua\src\lstate.c">
      <Filter>vot\lua\src</Filter>
    </ClCompile>
    <ClCompile Include="lua\src\lstring.c">
      <Filter>vot\lua\src</Filter>
    </ClCompile>
    <ClCompile Include="lua\src\lstrlib.c">
      <Filter>vot\lua\src</Filter>
    </ClCompile>
    <ClCompile Include="lua\src\ltable.c">
      <Filter>vot\lua\src</Filter>
    </ClCompile>
    <ClCompile Include="lua\src\ltablib.c">
      <Filter>vot\lua\src</Filter>
    </ClCompile>
    <ClCompile Include="lua\src\ltm.c">
      <Filter>vot\lua\src</Filter>
    </ClCompile>
    <ClCompile Include="lua\src\lundump.c">
      <Filter>vot\lua\src</Filter>
    </ClCompile>
    <ClCompile Include="lua\src\lvm.c">
      <Filter>vot\lua\src</Filter>
    </ClCompile>
    <ClCompile Include="lua\src\lzio.c">
      <Filter>vot\lua\src</Filter>
    </ClCompile>
  </ItemGroup>
  <ItemGroup>
    <Filter Include="vot">
      <UniqueIdentifier>{82e2ea4a-9eb9-4429-a989-62a5be8d9ace}</UniqueIdentifier>
    </Filter>
    <Filter Include="vot\ui">
      <UniqueIdentifier>{27b5dbec-e7f0-4c00-b46e-ee00cb85af3a}</UniqueIdentifier>
    </Filter>
    <Filter Include="vot\utils">
      <UniqueIdentifier>{c819dbb9-346b-4135-9014-6e8ffdaeb1d3}</UniqueIdentifier>
    </Filter>
    <Filter Include="vot\levels">
      <UniqueIdentifier>{0374326d-44c6-4605-97dd-9c8308b26a5c}</UniqueIdentifier>
    </Filter>
    <Filter Include="vot\lua">
      <UniqueIdentifier>{11f76ed6-7ca1-44f8-a444-6578a501dd61}</UniqueIdentifier>
    </Filter>
    <Filter Include="vot\lua\src">
      <UniqueIdentifier>{ef851380-36c3-4182-940d-61c1e992bd31}</UniqueIdentifier>
    </Filter>
  </ItemGroup>
  <ItemGroup>
    <ClInclude Include="vot\bullet.h">
      <Filter>vot</Filter>
    </ClInclude>
    <ClInclude Include="vot\font_manager.h">
      <Filter>vot</Filter>
    </ClInclude>
    <ClInclude Include="vot\game_system.h">
      <Filter>vot</Filter>
    </ClInclude>
    <ClInclude Include="vot\player.h">
      <Filter>vot</Filter>
    </ClInclude>
    <ClInclude Include="vot\texture_manager.h">
      <Filter>vot</Filter>
    </ClInclude>
    <ClInclude Include="vot\background.h">
      <Filter>vot</Filter>
    </ClInclude>
    <ClInclude Include="vot\character.h">
      <Filter>vot</Filter>
    </ClInclude>
    <ClInclude Include="vot\enemy.h">
      <Filter>vot</Filter>
    </ClInclude>
    <ClInclude Include="vot\game_hud.h">
      <Filter>vot</Filter>
    </ClInclude>
    <ClInclude Include="vot\particles.h">
      <Filter>vot</Filter>
    </ClInclude>
    <ClInclude Include="vot\powerup.h">
      <Filter>vot</Filter>
    </ClInclude>
    <ClInclude Include="vot\beam.h">
      <Filter>vot</Filter>
    </ClInclude>
    <ClInclude Include="vot\object_manager.h">
      <Filter>vot</Filter>
    </ClInclude>
    <ClInclude Include="vot\common.h">
      <Filter>vot</Filter>
    </ClInclude>
    <ClInclude Include="vot\hardpoint.h">
      <Filter>vot</Filter>
    </ClInclude>
    <ClInclude Include="vot\enemy_fighter.h">
      <Filter>vot</Filter>
    </ClInclude>
    <ClInclude Include="vot\icontroller.h">
      <Filter>vot</Filter>
    </ClInclude>
    <ClInclude Include="vot\thruster.h">
      <Filter>vot</Filter>
    </ClInclude>
    <ClInclude Include="vot\ui\button.h">
      <Filter>vot\ui</Filter>
    </ClInclude>
    <ClInclude Include="vot\ui\main_menu.h">
      <Filter>vot\ui</Filter>
    </ClInclude>
    <ClInclude Include="vot\ui\manager.h">
      <Filter>vot\ui</Filter>
    </ClInclude>
    <ClInclude Include="vot\ui\component.h">
      <Filter>vot\ui</Filter>
    </ClInclude>
    <ClInclude Include="vot\game.h">
      <Filter>vot</Filter>
    </ClInclude>
    <ClInclude Include="vot\sound.h">
      <Filter>vot</Filter>
    </ClInclude>
    <ClInclude Include="vot\utils\circle.h">
      <Filter>vot\utils</Filter>
    </ClInclude>
    <ClInclude Include="vot\utils\colour.h">
      <Filter>vot\utils</Filter>
    </ClInclude>
    <ClInclude Include="vot\utils\ray.h">
      <Filter>vot\utils</Filter>
    </ClInclude>
    <ClInclude Include="vot\utils\utils.h">
      <Filter>vot\utils</Filter>
    </ClInclude>
    <ClInclude Include="vot\levels\level.h">
      <Filter>vot\levels</Filter>
    </ClInclude>
    <ClInclude Include="vot\levels\level1.h">
      <Filter>vot\levels</Filter>
    </ClInclude>
    <ClInclude Include="vot\levels\level2.h">
      <Filter>vot\levels</Filter>
    </ClInclude>
    <ClInclude Include="vot\ui\level_select.h">
      <Filter>vot\ui</Filter>
    </ClInclude>
    <ClInclude Include="vot\ui\menu_helper.h">
      <Filter>vot\ui</Filter>
    </ClInclude>
    <ClInclude Include="vot\ui\profile_select.h">
      <Filter>vot\ui</Filter>
    </ClInclude>
    <ClInclude Include="vot\ui\text_input.h">
      <Filter>vot\ui</Filter>
    </ClInclude>
    <ClInclude Include="vot\options.h">
      <Filter>vot</Filter>
    </ClInclude>
    <ClInclude Include="vot\profile.h">
      <Filter>vot</Filter>
    </ClInclude>
    <ClInclude Include="vot\ui\ui_state.h">
      <Filter>vot\ui</Filter>
    </ClInclude>
    <ClInclude Include="vot\ui\profile_widget.h">
      <Filter>vot\ui</Filter>
    </ClInclude>
    <ClInclude Include="vot\ui\ship_hanger.h">
      <Filter>vot\ui</Filter>
    </ClInclude>
    <ClInclude Include="vot\ui\ship_hardpoint_widget.h">
      <Filter>vot\ui</Filter>
    </ClInclude>
    <ClInclude Include="lua\lua_state.h">
      <Filter>vot\lua</Filter>
    </ClInclude>
    <ClInclude Include="lua\src\lapi.h">
      <Filter>vot\lua\src</Filter>
    </ClInclude>
    <ClInclude Include="lua\src\lauxlib.h">
      <Filter>vot\lua\src</Filter>
    </ClInclude>
    <ClInclude Include="lua\src\lcode.h">
      <Filter>vot\lua\src</Filter>
    </ClInclude>
    <ClInclude Include="lua\src\lctype.h">
      <Filter>vot\lua\src</Filter>
    </ClInclude>
    <ClInclude Include="lua\src\ldebug.h">
      <Filter>vot\lua\src</Filter>
    </ClInclude>
    <ClInclude Include="lua\src\ldo.h">
      <Filter>vot\lua\src</Filter>
    </ClInclude>
    <ClInclude Include="lua\src\lfunc.h">
      <Filter>vot\lua\src</Filter>
    </ClInclude>
    <ClInclude Include="lua\src\lgc.h">
      <Filter>vot\lua\src</Filter>
    </ClInclude>
    <ClInclude Include="lua\src\llex.h">
      <Filter>vot\lua\src</Filter>
    </ClInclude>
    <ClInclude Include="lua\src\llimits.h">
      <Filter>vot\lua\src</Filter>
    </ClInclude>
    <ClInclude Include="lua\src\lmem.h">
      <Filter>vot\lua\src</Filter>
    </ClInclude>
    <ClInclude Include="lua\src\lobject.h">
      <Filter>vot\lua\src</Filter>
    </ClInclude>
    <ClInclude Include="lua\src\lopcodes.h">
      <Filter>vot\lua\src</Filter>
    </ClInclude>
    <ClInclude Include="lua\src\lparser.h">
      <Filter>vot\lua\src</Filter>
    </ClInclude>
    <ClInclude Include="lua\src\lstate.h">
      <Filter>vot\lua\src</Filter>
    </ClInclude>
    <ClInclude Include="lua\src\lstring.h">
      <Filter>vot\lua\src</Filter>
    </ClInclude>
    <ClInclude Include="lua\src\ltable.h">
      <Filter>vot\lua\src</Filter>
    </ClInclude>
    <ClInclude Include="lua\src\ltm.h">
      <Filter>vot\lua\src</Filter>
    </ClInclude>
    <ClInclude Include="lua\src\lua.h">
      <Filter>vot\lua\src</Filter>
    </ClInclude>
    <ClInclude Include="lua\src\lua.hpp">
      <Filter>vot\lua\src</Filter>
    </ClInclude>
    <ClInclude Include="lua\src\luaconf.h">
      <Filter>vot\lua\src</Filter>
    </ClInclude>
    <ClInclude Include="lua\src\lualib.h">
      <Filter>vot\lua\src</Filter>
    </ClInclude>
    <ClInclude Include="lua\src\lundump.h">
      <Filter>vot\lua\src</Filter>
    </ClInclude>
    <ClInclude Include="lua\src\lvm.h">
      <Filter>vot\lua\src</Filter>
    </ClInclude>
    <ClInclude Include="lua\src\lzio.h">
      <Filter>vot\lua\src</Filter>
    </ClInclude>
  </ItemGroup>
  <ItemGroup>
    <None Include="lua\src\Makefile">
      <Filter>vot\lua\src</Filter>
    </None>
  </ItemGroup>
</Project>