<?xml version="1.0" encoding="utf-8"?>
<Project ToolsVersion="4.0" xmlns="http://schemas.microsoft.com/developer/msbuild/2003">
  <ItemGroup>
    <ClCompile Include="main.cpp" />
    <ClCompile Include="vot\bullet.cpp">
      <Filter>vot</Filter>
    </ClCompile>
    <ClCompile Include="vot\circle.cpp">
      <Filter>vot</Filter>
    </ClCompile>
    <ClCompile Include="vot\font_manager.cpp">
      <Filter>vot</Filter>
    </ClCompile>
    <ClCompile Include="vot\game_system.cpp">
      <Filter>vot</Filter>
    </ClCompile>
    <ClCompile Include="vot\player.cpp">
      <Filter>vot</Filter>
    </ClCompile>
    <ClCompile Include="vot\texture_manager.cpp">
      <Filter>vot</Filter>
    </ClCompile>
    <ClCompile Include="vot\background.cpp">
      <Filter>vot</Filter>
    </ClCompile>
    <ClCompile Include="vot\character.cpp">
      <Filter>vot</Filter>
    </ClCompile>
    <ClCompile Include="vot\enemy.cpp">
      <Filter>vot</Filter>
    </ClCompile>
    <ClCompile Include="vot\game_hud.cpp">
      <Filter>vot</Filter>
    </ClCompile>
    <ClCompile Include="vot\utils.cpp">
      <Filter>vot</Filter>
    </ClCompile>
    <ClCompile Include="vot\particles.cpp">
      <Filter>vot</Filter>
    </ClCompile>
    <ClCompile Include="vot\powerup.cpp">
      <Filter>vot</Filter>
    </ClCompile>
    <ClCompile Include="vot\ray.cpp">
      <Filter>vot</Filter>
    </ClCompile>
    <ClCompile Include="vot\beam.cpp">
      <Filter>vot</Filter>
    </ClCompile>
    <ClCompile Include="vot\hardpoint.cpp">
      <Filter>vot</Filter>
    </ClCompile>
    <ClCompile Include="vot\enemy_fighter.cpp">
      <Filter>vot</Filter>
    </ClCompile>
    <ClCompile Include="vot\thruster.cpp">
      <Filter>vot</Filter>
    </ClCompile>
    <ClCompile Include="vot\ui\button.cpp">
      <Filter>vot\ui</Filter>
    </ClCompile>
    <ClCompile Include="vot\ui\component.cpp">
      <Filter>vot\ui</Filter>
    </ClCompile>
  </ItemGroup>
  <ItemGroup>
    <Filter Include="vot">
      <UniqueIdentifier>{82e2ea4a-9eb9-4429-a989-62a5be8d9ace}</UniqueIdentifier>
    </Filter>
    <Filter Include="vot\ui">
      <UniqueIdentifier>{27b5dbec-e7f0-4c00-b46e-ee00cb85af3a}</UniqueIdentifier>
    </Filter>
  </ItemGroup>
  <ItemGroup>
    <ClInclude Include="vot\bullet.h">
      <Filter>vot</Filter>
    </ClInclude>
    <ClInclude Include="vot\circle.h">
      <Filter>vot</Filter>
    </ClInclude>
    <ClInclude Include="vot\font_manager.h">
      <Filter>vot</Filter>
    </ClInclude>
    <ClInclude Include="vot\game_system.h">
      <Filter>vot</Filter>
    </ClInclude>
    <ClInclude Include="vot\player.h">
      <Filter>vot</Filter>
    </ClInclude>
    <ClInclude Include="vot\texture_manager.h">
      <Filter>vot</Filter>
    </ClInclude>
    <ClInclude Include="vot\background.h">
      <Filter>vot</Filter>
    </ClInclude>
    <ClInclude Include="vot\character.h">
      <Filter>vot</Filter>
    </ClInclude>
    <ClInclude Include="vot\enemy.h">
      <Filter>vot</Filter>
    </ClInclude>
    <ClInclude Include="vot\game_hud.h">
      <Filter>vot</Filter>
    </ClInclude>
    <ClInclude Include="vot\utils.h">
      <Filter>vot</Filter>
    </ClInclude>
    <ClInclude Include="vot\particles.h">
      <Filter>vot</Filter>
    </ClInclude>
    <ClInclude Include="vot\powerup.h">
      <Filter>vot</Filter>
    </ClInclude>
    <ClInclude Include="vot\ray.h">
      <Filter>vot</Filter>
    </ClInclude>
    <ClInclude Include="vot\beam.h">
      <Filter>vot</Filter>
    </ClInclude>
    <ClInclude Include="vot\object_manager.h">
      <Filter>vot</Filter>
    </ClInclude>
    <ClInclude Include="vot\common.h">
      <Filter>vot</Filter>
    </ClInclude>
    <ClInclude Include="vot\hardpoint.h">
      <Filter>vot</Filter>
    </ClInclude>
    <ClInclude Include="vot\enemy_fighter.h">
      <Filter>vot</Filter>
    </ClInclude>
    <ClInclude Include="vot\icontroller.h">
      <Filter>vot</Filter>
    </ClInclude>
    <ClInclude Include="vot\thruster.h">
      <Filter>vot</Filter>
    </ClInclude>
    <ClInclude Include="vot\ui\button.h">
      <Filter>vot\ui</Filter>
    </ClInclude>
    <ClInclude Include="vot\ui\main_menu.h">
      <Filter>vot\ui</Filter>
    </ClInclude>
    <ClInclude Include="vot\ui\manager.h">
      <Filter>vot\ui</Filter>
    </ClInclude>
    <ClInclude Include="vot\ui\component.h">
      <Filter>vot\ui</Filter>
    </ClInclude>
  </ItemGroup>
</Project>